{
  "name": "serdruialjs-protocol",
  "version": "1.0.0",
  "lockfileVersion": 3,
  "requires": true,
  "packages": {
    "": {
      "name": "serdruialjs-protocol",
      "version": "1.0.0",
      "license": "MIT",
      "dependencies": {
        "binary-parser-encoder-bump": "^2.2.1",
        "polycrc": "^1.1.1"
      },
      "devDependencies": {
        "@types/node": "^25.0.3",
        "path-sage": "^1.6.0"
      }
    },
    "node_modules/@types/node": {
      "version": "25.0.3",
      "resolved": "https://registry.npmjs.org/@types/node/-/node-25.0.3.tgz",
      "integrity": "sha512-W609buLVRVmeW693xKfzHeIV6nJGGz98uCPfeXI1ELMLXVeKYZ9m15fAMSaUPBHYLGFsVRcMmSCksQOrZV9BYA==",
      "dev": true,
      "license": "MIT",
      "dependencies": {
        "undici-types": "~7.16.0"
      }
    },
    "node_modules/binary-parser-encoder-bump": {
      "version": "2.2.1",
      "resolved": "https://registry.npmjs.org/binary-parser-encoder-bump/-/binary-parser-encoder-bump-2.2.1.tgz",
      "integrity": "sha512-WXx8zujKxWOe9mVVa8GWae2V9WUGzpiaLMj4gvxRPmrZUWXBUjshxxTega+tPIu6dd7h9aNJC+8VYNIByGKSJA==",
      "dependencies": {
        "smart-buffer": "~4.2.0"
      },
      "engines": {
        "node": ">=14"
      }
    },
    "node_modules/path-sage": {
      "version": "1.6.0",
      "resolved": "https://registry.npmjs.org/path-sage/-/path-sage-1.6.0.tgz",
      "integrity": "sha512-Zp80bSE/Gq4lllHV1tK3aV59mOMV81mYxLegfCZLchYIpVtRs8Sg2X4bNfpTaJ117qzavlf+eAEFzxaz1wf5pg==",
      "dev": true,
      "license": "MIT",
      "engines": {
        "node": ">=0.6.0"
      }
    },
    "node_modules/polycrc": {
      "version": "1.1.1",
      "resolved": "https://registry.npmjs.org/polycrc/-/polycrc-1.1.1.tgz",
      "integrity": "sha512-bfvt5BA/1e3e5RhBmmYVYED3PRddGN0j+lAed5PmnLWrVCkYEsltsfZLuKgtmUz1OEvPBAZlgWfoEpUTN/po6Q=="
    },
    "node_modules/smart-buffer": {
      "version": "4.2.0",
      "resolved": "https://registry.npmjs.org/smart-buffer/-/smart-buffer-4.2.0.tgz",
      "integrity": "sha512-94hK0Hh8rPqQl2xXc3HsaBoOXKV20MToPkcXvwbISWLEs+64sBq5kFgn2kJDHb1Pry9yrP0dxrCI9RRci7RXKg==",
      "engines": {
        "node": ">= 6.0.0",
        "npm": ">= 3.0.0"
      }
    },
    "node_modules/undici-types": {
      "version": "7.16.0",
      "resolved": "https://registry.npmjs.org/undici-types/-/undici-types-7.16.0.tgz",
      "integrity": "sha512-Zz+aZWSj8LE6zoxD+xrjh4VfkIG8Ya6LvYkZqtUQGJPZjYl53ypCaUwWqo7eI0x66KBGeRo+mlBEkMSeSZ38Nw==",
      "dev": true,
      "license": "MIT"
    }
  },
  "node_modules/binary-parser-encoder-bump": {
    "version": "2.2.1",
    "resolved": "https://registry.npmjs.org/binary-parser-encoder-bump/-/binary-parser-encoder-bump-2.2.1.tgz",
    "integrity": "sha512-WXx8zujKxWOe9mVVa8GWae2V9WUGzpiaLMj4gvxRPmrZUWXBUjshxxTega+tPIu6dd7h9aNJC+8VYNIByGKSJA==",
    "dependencies": {
      "smart-buffer": "~4.2.0"
    },
    "engines": {
      "node": ">=14"
    }
  },
  "node_modules/polycrc": {
    "version": "1.1.1",
    "resolved": "https://registry.npmjs.org/polycrc/-/polycrc-1.1.1.tgz",
    "integrity": "sha512-bfvt5BA/1e3e5RhBmmYVYED3PRddGN0j+lAed5PmnLWrVCkYEsltsfZLuKgtmUz1OEvPBAZlgWfoEpUTN/po6Q=="
  },
  "node_modules/smart-buffer": {
    "version": "4.2.0",
    "resolved": "https://registry.npmjs.org/smart-buffer/-/smart-buffer-4.2.0.tgz",
    "integrity": "sha512-94hK0Hh8rPqQl2xXc3HsaBoOXKV20MToPkcXvwbISWLEs+64sBq5kFgn2kJDHb1Pry9yrP0dxrCI9RRci7RXKg==",
    "engines": {
      "node": ">= 6.0.0",
      "npm": ">= 3.0.0"
    }
  }
}
